
Microsoft Visual Studio Solution File, Format Version 12.00
# Visual Studio 2013
VisualStudioVersion = 12.0.31101.0
MinimumVisualStudioVersion = 10.0.40219.1
Project("{FAE04EC0-301F-11D3-BF4B-00C04F79EFBC}") = "SiteFinityPlugin", "SiteFinityPlugin\SiteFinityPlugin.csproj", "{BCD3AD9C-7847-4A6B-BEE8-F93119D6CB26}"
EndProject
Project("{FAE04EC0-301F-11D3-BF4B-00C04F79EFBC}") = "Host", "Host\Host.csproj", "{1CF444A6-FCF7-4A0E-BB2E-F6C9DAC91BC6}"
EndProject
Project("{2150E333-8FDC-42A3-9474-1A3956D46DE8}") = ".nuget", ".nuget", "{7C85F3A9-E1A4-4EA7-9BF0-28F6D908B0CF}"
	ProjectSection(SolutionItems) = preProject
		.nuget\packages.config = .nuget\packages.config
	EndProjectSection
EndProject
Project("{FAE04EC0-301F-11D3-BF4B-00C04F79EFBC}") = "SiteFinityPlugin.Test", "SiteFinityPlugin.Test\SiteFinityPlugin.Test.csproj", "{448CE3D5-4B01-4152-BBF9-EF6FE6273361}"
EndProject
Global
	GlobalSection(SolutionConfigurationPlatforms) = preSolution
		Debug|Any CPU = Debug|Any CPU
		Release|Any CPU = Release|Any CPU
	EndGlobalSection
	GlobalSection(ProjectConfigurationPlatforms) = postSolution
		{BCD3AD9C-7847-4A6B-BEE8-F93119D6CB26}.Debug|Any CPU.ActiveCfg = Debug|Any CPU
		{BCD3AD9C-7847-4A6B-BEE8-F93119D6CB26}.Debug|Any CPU.Build.0 = Debug|Any CPU
		{BCD3AD9C-7847-4A6B-BEE8-F93119D6CB26}.Release|Any CPU.ActiveCfg = Release|Any CPU
		{BCD3AD9C-7847-4A6B-BEE8-F93119D6CB26}.Release|Any CPU.Build.0 = Release|Any CPU
		{1CF444A6-FCF7-4A0E-BB2E-F6C9DAC91BC6}.Debug|Any CPU.ActiveCfg = Debug|Any CPU
		{1CF444A6-FCF7-4A0E-BB2E-F6C9DAC91BC6}.Debug|Any CPU.Build.0 = Debug|Any CPU
		{1CF444A6-FCF7-4A0E-BB2E-F6C9DAC91BC6}.Release|Any CPU.ActiveCfg = Release|Any CPU
		{1CF444A6-FCF7-4A0E-BB2E-F6C9DAC91BC6}.Release|Any CPU.Build.0 = Release|Any CPU
		{448CE3D5-4B01-4152-BBF9-EF6FE6273361}.Debug|Any CPU.ActiveCfg = Debug|Any CPU
		{448CE3D5-4B01-4152-BBF9-EF6FE6273361}.Debug|Any CPU.Build.0 = Debug|Any CPU
		{448CE3D5-4B01-4152-BBF9-EF6FE6273361}.Release|Any CPU.ActiveCfg = Release|Any CPU
		{448CE3D5-4B01-4152-BBF9-EF6FE6273361}.Release|Any CPU.Build.0 = Release|Any CPU
	EndGlobalSection
	GlobalSection(SolutionProperties) = preSolution
		HideSolutionNode = FALSE
	EndGlobalSection
EndGlobal
